// !$*UTF8*$!
{
	archiveVersion = 1;
	classes = {
	};
	objectVersion = 77;
	objects = {

/* Begin PBXBuildFile section */
		4C7B00012F60A00100AA0001 /* RevenueCat in Frameworks */ = {isa = PBXBuildFile; productRef = 4C7B00032F60A00100AA0001 /* RevenueCat */; };
/* End PBXBuildFile section */

/* Begin PBXContainerItemProxy section */
		4C6ADA582F5E5F81006736F6 /* PBXContainerItemProxy */ = {
			isa = PBXContainerItemProxy;
			containerPortal = 4C6ADA402F5E5F7F006736F6 /* Project object */;
			proxyType = 1;
			remoteGlobalIDString = 4C6ADA472F5E5F7F006736F6;
			remoteInfo = CogniSphere;
		};
		4C6ADA622F5E5F81006736F6 /* PBXContainerItemProxy */ = {
			isa = PBXContainerItemProxy;
			containerPortal = 4C6ADA402F5E5F7F006736F6 /* Project object */;
			proxyType = 1;
			remoteGlobalIDString = 4C6ADA472F5E5F7F006736F6;
			remoteInfo = CogniSphere;
		};
/* End PBXContainerItemProxy section */

/* Begin PBXFileReference section */
		4C6ADA482F5E5F7F006736F6 /* CogniSphere.app */ = {isa = PBXFileReference; explicitFileType = wrapper.application; includeInIndex = 0; path = CogniSphere.app; sourceTree = BUILT_PRODUCTS_DIR; };
		4C6ADA572F5E5F81006736F6 /* CogniSphereTests.xctest */ = {isa = PBXFileReference; explicitFileType = wrapper.cfbundle; includeInIndex = 0; path = CogniSphereTests.xctest; sourceTree = BUILT_PRODUCTS_DIR; };
		4C6ADA612F5E5F81006736F6 /* CogniSphereUITests.xctest */ = {isa = PBXFileReference; explicitFileType = wrapper.cfbundle; includeInIndex = 0; path = CogniSphereUITests.xctest; sourceTree = BUILT_PRODUCTS_DIR; };
/* End PBXFileReference section */

/* Begin PBXFileSystemSynchronizedRootGroup section */
		4C6ADA4A2F5E5F7F006736F6 /* CogniSphere */ = {
			isa = PBXFileSystemSynchronizedRootGroup;
			path = CogniSphere;
			sourceTree = "<group>";
		};
		4C6ADA5A2F5E5F81006736F6 /* CogniSphereTests */ = {
			isa = PBXFileSystemSynchronizedRootGroup;
			path = CogniSphereTests;
			sourceTree = "<group>";
		};
		4C6ADA642F5E5F81006736F6 /* CogniSphereUITests */ = {
			isa = PBXFileSystemSynchronizedRootGroup;
			path = CogniSphereUITests;
			sourceTree = "<group>";
		};
/* End PBXFileSystemSynchronizedRootGroup section */

/* Begin PBXFrameworksBuildPhase section */
		4C6ADA452F5E5F7F006736F6 /* Frameworks */ = {
			isa = PBXFrameworksBuildPhase;
			buildActionMask = 2147483647;
			files = (
				4C7B00012F60A00100AA0001 /* RevenueCat in Frameworks */,
			);
			runOnlyForDeploymentPostprocessing = 0;
		};
		4C6ADA542F5E5F81006736F6 /* Frameworks */ = {
			isa = PBXFrameworksBuildPhase;
			buildActionMask = 2147483647;
			files = (
			);
			runOnlyForDeploymentPostprocessing = 0;
		};
		4C6ADA5E2F5E5F81006736F6 /* Frameworks */ = {
			isa = PBXFrameworksBuildPhase;
			buildActionMask = 2147483647;
			files = (
			);
			runOnlyForDeploymentPostprocessing = 0;
		};
/* End PBXFrameworksBuildPhase section */

/* Begin PBXGroup section */
		4C6ADA3F2F5E5F7F006736F6 = {
			isa = PBXGroup;
			children = (
				4C6ADA4A2F5E5F7F006736F6 /* CogniSphere */,
				4C6ADA5A2F5E5F81006736F6 /* CogniSphereTests */,
				4C6ADA642F5E5F81006736F6 /* CogniSphereUITests */,
				4C6ADA492F5E5F7F006736F6 /* Products */,
			);
			sourceTree = "<group>";
		};
		4C6ADA492F5E5F7F006736F6 /* Products */ = {
			isa = PBXGroup;
			children = (
				4C6ADA482F5E5F7F006736F6 /* CogniSphere.app */,
				4C6ADA572F5E5F81006736F6 /* CogniSphereTests.xctest */,
				4C6ADA612F5E5F81006736F6 /* CogniSphereUITests.xctest */,
			);
			name = Products;
			sourceTree = "<group>";
		};
/* End PBXGroup section */

/* Begin PBXNativeTarget section */
		4C6ADA472F5E5F7F006736F6 /* CogniSphere */ = {
			isa = PBXNativeTarget;
			buildConfigurationList = 4C6ADA6B2F5E5F81006736F6 /* Build configuration list for PBXNativeTarget "CogniSphere" */;
			buildPhases = (
				4C6ADA442F5E5F7F006736F6 /* Sources */,
				4C6ADA452F5E5F7F006736F6 /* Frameworks */,
				4C6ADA462F5E5F7F006736F6 /* Resources */,
			);
			buildRules = (
			);
			dependencies = (
			);
			fileSystemSynchronizedGroups = (
				4C6ADA4A2F5E5F7F006736F6 /* CogniSphere */,
			);
			name = CogniSphere;
			packageProductDependencies = (
				4C7B00032F60A00100AA0001 /* RevenueCat */,
			);
			productName = CogniSphere;
			productReference = 4C6ADA482F5E5F7F006736F6 /* CogniSphere.app */;
			productType = "com.apple.product-type.application";
		};
		4C6ADA562F5E5F81006736F6 /* CogniSphereTests */ = {
			isa = PBXNativeTarget;
			buildConfigurationList = 4C6ADA6E2F5E5F81006736F6 /* Build configuration list for PBXNativeTarget "CogniSphereTests" */;
			buildPhases = (
				4C6ADA532F5E5F81006736F6 /* Sources */,
				4C6ADA542F5E5F81006736F6 /* Frameworks */,
				4C6ADA552F5E5F81006736F6 /* Resources */,
			);
			buildRules = (
			);
			dependencies = (
				4C6ADA592F5E5F81006736F6 /* PBXTargetDependency */,
			);
			fileSystemSynchronizedGroups = (
				4C6ADA5A2F5E5F81006736F6 /* CogniSphereTests */,
			);
			name = CogniSphereTests;
			packageProductDependencies = (
			);
			productName = CogniSphereTests;
			productReference = 4C6ADA572F5E5F81006736F6 /* CogniSphereTests.xctest */;
			productType = "com.apple.product-type.bundle.unit-test";
		};
		4C6ADA602F5E5F81006736F6 /* CogniSphereUITests */ = {
			isa = PBXNativeTarget;
			buildConfigurationList = 4C6ADA712F5E5F81006736F6 /* Build configuration list for PBXNativeTarget "CogniSphereUITests" */;
			buildPhases = (
				4C6ADA5D2F5E5F81006736F6 /* Sources */,
				4C6ADA5E2F5E5F81006736F6 /* Frameworks */,
				4C6ADA5F2F5E5F81006736F6 /* Resources */,
			);
			buildRules = (
			);
			dependencies = (
				4C6ADA632F5E5F81006736F6 /* PBXTargetDependency */,
			);
			fileSystemSynchronizedGroups = (
				4C6ADA642F5E5F81006736F6 /* CogniSphereUITests */,
			);
			name = CogniSphereUITests;
			packageProductDependencies = (
			);
			productName = CogniSphereUITests;
			productReference = 4C6ADA612F5E5F81006736F6 /* CogniSphereUITests.xctest */;
			productType = "com.apple.product-type.bundle.ui-testing";
		};
/* End PBXNativeTarget section */

/* Begin PBXProject section */
		4C6ADA402F5E5F7F006736F6 /* Project object */ = {
			isa = PBXProject;
			attributes = {
				BuildIndependentTargetsInParallel = 1;
				LastSwiftUpdateCheck = 2610;
				LastUpgradeCheck = 2610;
				TargetAttributes = {
					4C6ADA472F5E5F7F006736F6 = {
						CreatedOnToolsVersion = 26.1.1;
					};
					4C6ADA562F5E5F81006736F6 = {
						CreatedOnToolsVersion = 26.1.1;
						TestTargetID = 4C6ADA472F5E5F7F006736F6;
					};
					4C6ADA602F5E5F81006736F6 = {
						CreatedOnToolsVersion = 26.1.1;
						TestTargetID = 4C6ADA472F5E5F7F006736F6;
					};
				};
			};
			buildConfigurationList = 4C6ADA432F5E5F7F006736F6 /* Build configuration list for PBXProject "CogniSphere" */;
			developmentRegion = en;
			hasScannedForEncodings = 0;
			knownRegions = (
				en,
				Base,
			);
			mainGroup = 4C6ADA3F2F5E5F7F006736F6;
			minimizedProjectReferenceProxies = 1;
			packageReferences = (
				4C7B00022F60A00100AA0001 /* XCRemoteSwiftPackageReference "purchases-ios-spm" */,
			);
			preferredProjectObjectVersion = 77;
			productRefGroup = 4C6ADA492F5E5F7F006736F6 /* Products */;
			projectDirPath = "";
			projectRoot = "";
			targets = (
				4C6ADA472F5E5F7F006736F6 /* CogniSphere */,
				4C6ADA562F5E5F81006736F6 /* CogniSphereTests */,
				4C6ADA602F5E5F81006736F6 /* CogniSphereUITests */,
			);
		};
/* End PBXProject section */

/* Begin PBXResourcesBuildPhase section */
		4C6ADA462F5E5F7F006736F6 /* Resources */ = {
			isa = PBXResourcesBuildPhase;
			buildActionMask = 2147483647;
			files = (
			);
			runOnlyForDeploymentPostprocessing = 0;
		};
		4C6ADA552F5E5F81006736F6 /* Resources */ = {
			isa = PBXResourcesBuildPhase;
			buildActionMask = 2147483647;
			files = (
			);
			runOnlyForDeploymentPostprocessing = 0;
		};
		4C6ADA5F2F5E5F81006736F6 /* Resources */ = {
			isa = PBXResourcesBuildPhase;
			buildActionMask = 2147483647;
			files = (
			);
			runOnlyForDeploymentPostprocessing = 0;
		};
/* End PBXResourcesBuildPhase section */

/* Begin PBXSourcesBuildPhase section */
		4C6ADA442F5E5F7F006736F6 /* Sources */ = {
			isa = PBXSourcesBuildPhase;
			buildActionMask = 2147483647;
			files = (
			);
			runOnlyForDeploymentPostprocessing = 0;
		};
		4C6ADA532F5E5F81006736F6 /* Sources */ = {
			isa = PBXSourcesBuildPhase;
			buildActionMask = 2147483647;
			files = (
			);
			runOnlyForDeploymentPostprocessing = 0;
		};
		4C6ADA5D2F5E5F81006736F6 /* Sources */ = {
			isa = PBXSourcesBuildPhase;
			buildActionMask = 2147483647;
			files = (
			);
			runOnlyForDeploymentPostprocessing = 0;
		};
/* End PBXSourcesBuildPhase section */

/* Begin PBXTargetDependency section */
		4C6ADA592F5E5F81006736F6 /* PBXTargetDependency */ = {
			isa = PBXTargetDependency;
			target = 4C6ADA472F5E5F7F006736F6 /* CogniSphere */;
			targetProxy = 4C6ADA582F5E5F81006736F6 /* PBXContainerItemProxy */;
		};
		4C6ADA632F5E5F81006736F6 /* PBXTargetDependency */ = {
			isa = PBXTargetDependency;
			target = 4C6ADA472F5E5F7F006736F6 /* CogniSphere */;
			targetProxy = 4C6ADA622F5E5F81006736F6 /* PBXContainerItemProxy */;
		};
/* End PBXTargetDependency section */

/* Begin XCBuildConfiguration section */
		4C6ADA692F5E5F81006736F6 /* Debug */ = {
			isa = XCBuildConfiguration;
			buildSettings = {
				ALWAYS_SEARCH_USER_PATHS = NO;
				ASSETCATALOG_COMPILER_GENERATE_SWIFT_ASSET_SYMBOL_EXTENSIONS = YES;
				CLANG_ANALYZER_NONNULL = YES;
				CLANG_ANALYZER_NUMBER_OBJECT_CONVERSION = YES_AGGRESSIVE;
				CLANG_CXX_LANGUAGE_STANDARD = "gnu++20";
				CLANG_ENABLE_MODULES = YES;
				CLANG_ENABLE_OBJC_ARC = YES;
				CLANG_ENABLE_OBJC_WEAK = YES;
				CLANG_WARN_BLOCK_CAPTURE_AUTORELEASING = YES;
				CLANG_WARN_BOOL_CONVERSION = YES;
				CLANG_WARN_COMMA = YES;
				CLANG_WARN_CONSTANT_CONVERSION = YES;
				CLANG_WARN_DEPRECATED_OBJC_IMPLEMENTATIONS = YES;
				CLANG_WARN_DIRECT_OBJC_ISA_USAGE = YES_ERROR;
				CLANG_WARN_DOCUMENTATION_COMMENTS = YES;
				CLANG_WARN_EMPTY_BODY = YES;
				CLANG_WARN_ENUM_CONVERSION = YES;
				CLANG_WARN_INFINITE_RECURSION = YES;
				CLANG_WARN_INT_CONVERSION = YES;
				CLANG_WARN_NON_LITERAL_NULL_CONVERSION = YES;
				CLANG_WARN_OBJC_IMPLICIT_RETAIN_SELF = YES;
				CLANG_WARN_OBJC_LITERAL_CONVERSION = YES;
				CLANG_WARN_OBJC_ROOT_CLASS = YES_ERROR;
				CLANG_WARN_QUOTED_INCLUDE_IN_FRAMEWORK_HEADER = YES;
				CLANG_WARN_RANGE_LOOP_ANALYSIS = YES;
				CLANG_WARN_STRICT_PROTOTYPES = YES;
				CLANG_WARN_SUSPICIOUS_MOVE = YES;
				CLANG_WARN_UNGUARDED_AVAILABILITY = YES_AGGRESSIVE;
				CLANG_WARN_UNREACHABLE_CODE = YES;
				CLANG_WARN__DUPLICATE_METHOD_MATCH = YES;
				COPY_PHASE_STRIP = NO;
				DEBUG_INFORMATION_FORMAT = dwarf;
				DEVELOPMENT_TEAM = 2RF44L5UDV;
				ENABLE_STRICT_OBJC_MSGSEND = YES;
				ENABLE_TESTABILITY = YES;
				ENABLE_USER_SCRIPT_SANDBOXING = YES;
				GCC_C_LANGUAGE_STANDARD = gnu17;
				GCC_DYNAMIC_NO_PIC = NO;
				GCC_NO_COMMON_BLOCKS = YES;
				GCC_OPTIMIZATION_LEVEL = 0;
				GCC_PREPROCESSOR_DEFINITIONS = (
					"DEBUG=1",
					"$(inherited)",
				);
				GCC_WARN_64_TO_32_BIT_CONVERSION = YES;
				GCC_WARN_ABOUT_RETURN_TYPE = YES_ERROR;
				GCC_WARN_UNDECLARED_SELECTOR = YES;
				GCC_WARN_UNINITIALIZED_AUTOS = YES_AGGRESSIVE;
				GCC_WARN_UNUSED_FUNCTION = YES;
				GCC_WARN_UNUSED_VARIABLE = YES;
				IPHONEOS_DEPLOYMENT_TARGET = 26.1;
				LOCALIZATION_PREFERS_STRING_CATALOGS = YES;
				MTL_ENABLE_DEBUG_INFO = INCLUDE_SOURCE;
				MTL_FAST_MATH = YES;
				ONLY_ACTIVE_ARCH = YES;
				SDKROOT = iphoneos;
				SWIFT_ACTIVE_COMPILATION_CONDITIONS = "DEBUG $(inherited)";
				SWIFT_OPTIMIZATION_LEVEL = "-Onone";
			};
			name = Debug;
		};
		4C6ADA6A2F5E5F81006736F6 /* Release */ = {
			isa = XCBuildConfiguration;
			buildSettings = {
				ALWAYS_SEARCH_USER_PATHS = NO;
				ASSETCATALOG_COMPILER_GENERATE_SWIFT_ASSET_SYMBOL_EXTENSIONS = YES;
				CLANG_ANALYZER_NONNULL = YES;
				CLANG_ANALYZER_NUMBER_OBJECT_CONVERSION = YES_AGGRESSIVE;
				CLANG_CXX_LANGUAGE_STANDARD = "gnu++20";
				CLANG_ENABLE_MODULES = YES;
				CLANG_ENABLE_OBJC_ARC = YES;
				CLANG_ENABLE_OBJC_WEAK = YES;
				CLANG_WARN_BLOCK_CAPTURE_AUTORELEASING = YES;
				CLANG_WARN_BOOL_CONVERSION = YES;
				CLANG_WARN_COMMA = YES;
				CLANG_WARN_CONSTANT_CONVERSION = YES;
				CLANG_WARN_DEPRECATED_OBJC_IMPLEMENTATIONS = YES;
				CLANG_WARN_DIRECT_OBJC_ISA_USAGE = YES_ERROR;
				CLANG_WARN_DOCUMENTATION_COMMENTS = YES;
				CLANG_WARN_EMPTY_BODY = YES;
				CLANG_WARN_ENUM_CONVERSION = YES;
				CLANG_WARN_INFINITE_RECURSION = YES;
				CLANG_WARN_INT_CONVERSION = YES;
				CLANG_WARN_NON_LITERAL_NULL_CONVERSION = YES;
				CLANG_WARN_OBJC_IMPLICIT_RETAIN_SELF = YES;
				CLANG_WARN_OBJC_LITERAL_CONVERSION = YES;
				CLANG_WARN_OBJC_ROOT_CLASS = YES_ERROR;
				CLANG_WARN_QUOTED_INCLUDE_IN_FRAMEWORK_HEADER = YES;
				CLANG_WARN_RANGE_LOOP_ANALYSIS = YES;
				CLANG_WARN_STRICT_PROTOTYPES = YES;
				CLANG_WARN_SUSPICIOUS_MOVE = YES;
				CLANG_WARN_UNGUARDED_AVAILABILITY = YES_AGGRESSIVE;
				CLANG_WARN_UNREACHABLE_CODE = YES;
				CLANG_WARN__DUPLICATE_METHOD_MATCH = YES;
				COPY_PHASE_STRIP = NO;
				DEBUG_INFORMATION_FORMAT = "dwarf-with-dsym";
				DEVELOPMENT_TEAM = 2RF44L5UDV;
				ENABLE_NS_ASSERTIONS = NO;
				ENABLE_STRICT_OBJC_MSGSEND = YES;
				ENABLE_USER_SCRIPT_SANDBOXING = YES;
				GCC_C_LANGUAGE_STANDARD = gnu17;
				GCC_NO_COMMON_BLOCKS = YES;
				GCC_WARN_64_TO_32_BIT_CONVERSION = YES;
				GCC_WARN_ABOUT_RETURN_TYPE = YES_ERROR;
				GCC_WARN_UNDECLARED_SELECTOR = YES;
				GCC_WARN_UNINITIALIZED_AUTOS = YES_AGGRESSIVE;
				GCC_WARN_UNUSED_FUNCTION = YES;
				GCC_WARN_UNUSED_VARIABLE = YES;
				IPHONEOS_DEPLOYMENT_TARGET = 26.1;
				LOCALIZATION_PREFERS_STRING_CATALOGS = YES;
				MTL_ENABLE_DEBUG_INFO = NO;
				MTL_FAST_MATH = YES;
				SDKROOT = iphoneos;
				SWIFT_COMPILATION_MODE = wholemodule;
				VALIDATE_PRODUCT = YES;
			};
			name = Release;
		};
		4C6ADA6C2F5E5F81006736F6 /* Debug */ = {
			isa = XCBuildConfiguration;
			buildSettings = {
				ASSETCATALOG_COMPILER_APPICON_NAME = AppIcon;
				ASSETCATALOG_COMPILER_GLOBAL_ACCENT_COLOR_NAME = AccentColor;
				CODE_SIGN_ENTITLEMENTS = CogniSphere/CogniSphere.entitlements;
				CODE_SIGN_STYLE = Automatic;
				CURRENT_PROJECT_VERSION = 1;
				DEVELOPMENT_TEAM = 2RF44L5UDV;
				ENABLE_PREVIEWS = YES;
				GENERATE_INFOPLIST_FILE = NO;
				INFOPLIST_FILE = Info.plist;
				LD_RUNPATH_SEARCH_PATHS = (
					"$(inherited)",
					"@executable_path/Frameworks",
				);
				MARKETING_VERSION = 1.0;
				PRODUCT_BUNDLE_IDENTIFIER = tw.yian.CogniSphere;
				PRODUCT_NAME = "$(TARGET_NAME)";
				STRING_CATALOG_GENERATE_SYMBOLS = YES;
				SWIFT_APPROACHABLE_CONCURRENCY = YES;
				SWIFT_DEFAULT_ACTOR_ISOLATION = MainActor;
				SWIFT_EMIT_LOC_STRINGS = YES;
				SWIFT_UPCOMING_FEATURE_MEMBER_IMPORT_VISIBILITY = YES;
				SWIFT_VERSION = 5.0;
				TARGETED_DEVICE_FAMILY = "1,2";
			};
			name = Debug;
		};
		4C6ADA6D2F5E5F81006736F6 /* Release */ = {
			isa = XCBuildConfiguration;
			buildSettings = {
				ASSETCATALOG_COMPILER_APPICON_NAME = AppIcon;
				ASSETCATALOG_COMPILER_GLOBAL_ACCENT_COLOR_NAME = AccentColor;
				CODE_SIGN_ENTITLEMENTS = CogniSphere/CogniSphere.entitlements;
				CODE_SIGN_STYLE = Automatic;
				CURRENT_PROJECT_VERSION = 1;
				DEVELOPMENT_TEAM = 2RF44L5UDV;
				ENABLE_PREVIEWS = YES;
				GENERATE_INFOPLIST_FILE = NO;
				INFOPLIST_FILE = Info.plist;
				LD_RUNPATH_SEARCH_PATHS = (
					"$(inherited)",
					"@executable_path/Frameworks",
				);
				MARKETING_VERSION = 1.0;
				PRODUCT_BUNDLE_IDENTIFIER = tw.yian.CogniSphere;
				PRODUCT_NAME = "$(TARGET_NAME)";
				STRING_CATALOG_GENERATE_SYMBOLS = YES;
				SWIFT_APPROACHABLE_CONCURRENCY = YES;
				SWIFT_DEFAULT_ACTOR_ISOLATION = MainActor;
				SWIFT_EMIT_LOC_STRINGS = YES;
				SWIFT_UPCOMING_FEATURE_MEMBER_IMPORT_VISIBILITY = YES;
				SWIFT_VERSION = 5.0;
				TARGETED_DEVICE_FAMILY = "1,2";
			};
			name = Release;
		};
		4C6ADA6F2F5E5F81006736F6 /* Debug */ = {
			isa = XCBuildConfiguration;
			buildSettings = {
				BUNDLE_LOADER = "$(TEST_HOST)";
				CODE_SIGN_STYLE = Automatic;
				CURRENT_PROJECT_VERSION = 1;
				DEVELOPMENT_TEAM = 2RF44L5UDV;
				GENERATE_INFOPLIST_FILE = YES;
				IPHONEOS_DEPLOYMENT_TARGET = 26.1;
				MARKETING_VERSION = 1.0;
				PRODUCT_BUNDLE_IDENTIFIER = tw.yian.CogniSphereTests;
				PRODUCT_NAME = "$(TARGET_NAME)";
				STRING_CATALOG_GENERATE_SYMBOLS = NO;
				SWIFT_APPROACHABLE_CONCURRENCY = YES;
				SWIFT_EMIT_LOC_STRINGS = NO;
				SWIFT_UPCOMING_FEATURE_MEMBER_IMPORT_VISIBILITY = YES;
				SWIFT_VERSION = 5.0;
				TARGETED_DEVICE_FAMILY = "1,2";
				TEST_HOST = "$(BUILT_PRODUCTS_DIR)/CogniSphere.app/$(BUNDLE_EXECUTABLE_FOLDER_PATH)/CogniSphere";
			};
			name = Debug;
		};
		4C6ADA702F5E5F81006736F6 /* Release */ = {
			isa = XCBuildConfiguration;
			buildSettings = {
				BUNDLE_LOADER = "$(TEST_HOST)";
				CODE_SIGN_STYLE = Automatic;
				CURRENT_PROJECT_VERSION = 1;
				DEVELOPMENT_TEAM = 2RF44L5UDV;
				GENERATE_INFOPLIST_FILE = YES;
				IPHONEOS_DEPLOYMENT_TARGET = 26.1;
				MARKETING_VERSION = 1.0;
				PRODUCT_BUNDLE_IDENTIFIER = tw.yian.CogniSphereTests;
				PRODUCT_NAME = "$(TARGET_NAME)";
				STRING_CATALOG_GENERATE_SYMBOLS = NO;
				SWIFT_APPROACHABLE_CONCURRENCY = YES;
				SWIFT_EMIT_LOC_STRINGS = NO;
				SWIFT_UPCOMING_FEATURE_MEMBER_IMPORT_VISIBILITY = YES;
				SWIFT_VERSION = 5.0;
				TARGETED_DEVICE_FAMILY = "1,2";
				TEST_HOST = "$(BUILT_PRODUCTS_DIR)/CogniSphere.app/$(BUNDLE_EXECUTABLE_FOLDER_PATH)/CogniSphere";
			};
			name = Release;
		};
		4C6ADA722F5E5F81006736F6 /* Debug */ = {
			isa = XCBuildConfiguration;
			buildSettings = {
				CODE_SIGN_STYLE = Automatic;
				CURRENT_PROJECT_VERSION = 1;
				DEVELOPMENT_TEAM = 2RF44L5UDV;
				GENERATE_INFOPLIST_FILE = YES;
				MARKETING_VERSION = 1.0;
				PRODUCT_BUNDLE_IDENTIFIER = tw.yian.CogniSphereUITests;
				PRODUCT_NAME = "$(TARGET_NAME)";
				STRING_CATALOG_GENERATE_SYMBOLS = NO;
				SWIFT_APPROACHABLE_CONCURRENCY = YES;
				SWIFT_EMIT_LOC_STRINGS = NO;
				SWIFT_UPCOMING_FEATURE_MEMBER_IMPORT_VISIBILITY = YES;
				SWIFT_VERSION = 5.0;
				TARGETED_DEVICE_FAMILY = "1,2";
				TEST_TARGET_NAME = CogniSphere;
			};
			name = Debug;
		};
		4C6ADA732F5E5F81006736F6 /* Release */ = {
			isa = XCBuildConfiguration;
			buildSettings = {
				CODE_SIGN_STYLE = Automatic;
				CURRENT_PROJECT_VERSION = 1;
				DEVELOPMENT_TEAM = 2RF44L5UDV;
				GENERATE_INFOPLIST_FILE = YES;
				MARKETING_VERSION = 1.0;
				PRODUCT_BUNDLE_IDENTIFIER = tw.yian.CogniSphereUITests;
				PRODUCT_NAME = "$(TARGET_NAME)";
				STRING_CATALOG_GENERATE_SYMBOLS = NO;
				SWIFT_APPROACHABLE_CONCURRENCY = YES;
				SWIFT_EMIT_LOC_STRINGS = NO;
				SWIFT_UPCOMING_FEATURE_MEMBER_IMPORT_VISIBILITY = YES;
				SWIFT_VERSION = 5.0;
				TARGETED_DEVICE_FAMILY = "1,2";
				TEST_TARGET_NAME = CogniSphere;
			};
			name = Release;
		};
/* End XCBuildConfiguration section */

/* Begin XCConfigurationList section */
		4C6ADA432F5E5F7F006736F6 /* Build configuration list for PBXProject "CogniSphere" */ = {
			isa = XCConfigurationList;
			buildConfigurations = (
				4C6ADA692F5E5F81006736F6 /* Debug */,
				4C6ADA6A2F5E5F81006736F6 /* Release */,
			);
			defaultConfigurationIsVisible = 0;
			defaultConfigurationName = Release;
		};
		4C6ADA6B2F5E5F81006736F6 /* Build configuration list for PBXNativeTarget "CogniSphere" */ = {
			isa = XCConfigurationList;
			buildConfigurations = (
				4C6ADA6C2F5E5F81006736F6 /* Debug */,
				4C6ADA6D2F5E5F81006736F6 /* Release */,
			);
			defaultConfigurationIsVisible = 0;
			defaultConfigurationName = Release;
		};
		4C6ADA6E2F5E5F81006736F6 /* Build configuration list for PBXNativeTarget "CogniSphereTests" */ = {
			isa = XCConfigurationList;
			buildConfigurations = (
				4C6ADA6F2F5E5F81006736F6 /* Debug */,
				4C6ADA702F5E5F81006736F6 /* Release */,
			);
			defaultConfigurationIsVisible = 0;
			defaultConfigurationName = Release;
		};
		4C6ADA712F5E5F81006736F6 /* Build configuration list for PBXNativeTarget "CogniSphereUITests" */ = {
			isa = XCConfigurationList;
			buildConfigurations = (
				4C6ADA722F5E5F81006736F6 /* Debug */,
				4C6ADA732F5E5F81006736F6 /* Release */,
			);
			defaultConfigurationIsVisible = 0;
			defaultConfigurationName = Release;
		};
/* End XCConfigurationList section */

/* Begin XCRemoteSwiftPackageReference section */
		4C7B00022F60A00100AA0001 /* XCRemoteSwiftPackageReference "purchases-ios-spm" */ = {
			isa = XCRemoteSwiftPackageReference;
			repositoryURL = "https://github.com/RevenueCat/purchases-ios-spm.git";
			requirement = {
				kind = upToNextMajorVersion;
				minimumVersion = 5.0.0;
			};
		};
/* End XCRemoteSwiftPackageReference section */

/* Begin XCSwiftPackageProductDependency section */
		4C7B00032F60A00100AA0001 /* RevenueCat */ = {
			isa = XCSwiftPackageProductDependency;
			package = 4C7B00022F60A00100AA0001 /* XCRemoteSwiftPackageReference "purchases-ios-spm" */;
			productName = RevenueCat;
		};
/* End XCSwiftPackageProductDependency section */
	};
	rootObject = 4C6ADA402F5E5F7F006736F6 /* Project object */;
}
