{
  "originHash" : "533de208f7207fdd36b99a2f0036707fca012c23defe0e4e99a820106aff336d",
  "pins" : [
    {
      "identity" : "purchases-ios-spm",
      "kind" : "remoteSourceControl",
      "location" : "https://github.com/RevenueCat/purchases-ios-spm.git",
      "state" : {
        "revision" : "1498a92120602fc7b931cb3408abbc60c032b81b",
        "version" : "5.62.0"
      }
    }
  ],
  "version" : 3
}
